
Microsoft Visual Studio Solution File, Format Version 12.00
# Visual Studio Version 16
VisualStudioVersion = 16.0.32126.315
MinimumVisualStudioVersion = 10.0.40219.1
Project("{FAE04EC0-301F-11D3-BF4B-00C04F79EFBC}") = "Tenders", "Tenders\Tenders.csproj", "{A6AAB73B-448B-4926-AAE1-5CFACB6E7F18}"
EndProject
Project("{FAE04EC0-301F-11D3-BF4B-00C04F79EFBC}") = "TendersApi", "TendersApi\TendersApi.csproj", "{97A40D55-677E-48AA-9F56-41811F61BD38}"
EndProject
Global
	GlobalSection(SolutionConfigurationPlatforms) = preSolution
		Debug|Any CPU = Debug|Any CPU
		Release|Any CPU = Release|Any CPU
	EndGlobalSection
	GlobalSection(ProjectConfigurationPlatforms) = postSolution
		{A6AAB73B-448B-4926-AAE1-5CFACB6E7F18}.Debug|Any CPU.ActiveCfg = Debug|Any CPU
		{A6AAB73B-448B-4926-AAE1-5CFACB6E7F18}.Debug|Any CPU.Build.0 = Debug|Any CPU
		{A6AAB73B-448B-4926-AAE1-5CFACB6E7F18}.Release|Any CPU.ActiveCfg = Release|Any CPU
		{A6AAB73B-448B-4926-AAE1-5CFACB6E7F18}.Release|Any CPU.Build.0 = Release|Any CPU
		{97A40D55-677E-48AA-9F56-41811F61BD38}.Debug|Any CPU.ActiveCfg = Debug|Any CPU
		{97A40D55-677E-48AA-9F56-41811F61BD38}.Debug|Any CPU.Build.0 = Debug|Any CPU
		{97A40D55-677E-48AA-9F56-41811F61BD38}.Release|Any CPU.ActiveCfg = Release|Any CPU
		{97A40D55-677E-48AA-9F56-41811F61BD38}.Release|Any CPU.Build.0 = Release|Any CPU
	EndGlobalSection
	GlobalSection(SolutionProperties) = preSolution
		HideSolutionNode = FALSE
	EndGlobalSection
	GlobalSection(ExtensibilityGlobals) = postSolution
		SolutionGuid = {CD1D13A0-1BE6-4174-BD5A-F06B48326B45}
	EndGlobalSection
EndGlobal
